
Microsoft Visual Studio Solution File, Format Version 12.00
# Visual Studio Version 17
VisualStudioVersion = 17.7.34202.233
MinimumVisualStudioVersion = 10.0.40219.1
Project("{FAE04EC0-301F-11D3-BF4B-00C04F79EFBC}") = "OneOfChainingTest", "OneOfChainingTest\OneOfChainingTest.csproj", "{C361B6D4-E91C-43F6-AC4B-1D8764026EF2}"
EndProject
Global
	GlobalSection(SolutionConfigurationPlatforms) = preSolution
		Debug|Any CPU = Debug|Any CPU
		Release|Any CPU = Release|Any CPU
	EndGlobalSection
	GlobalSection(ProjectConfigurationPlatforms) = postSolution
		{C361B6D4-E91C-43F6-AC4B-1D8764026EF2}.Debug|Any CPU.ActiveCfg = Debug|Any CPU
		{C361B6D4-E91C-43F6-AC4B-1D8764026EF2}.Debug|Any CPU.Build.0 = Debug|Any CPU
		{C361B6D4-E91C-43F6-AC4B-1D8764026EF2}.Release|Any CPU.ActiveCfg = Release|Any CPU
		{C361B6D4-E91C-43F6-AC4B-1D8764026EF2}.Release|Any CPU.Build.0 = Release|Any CPU
	EndGlobalSection
	GlobalSection(SolutionProperties) = preSolution
		HideSolutionNode = FALSE
	EndGlobalSection
	GlobalSection(ExtensibilityGlobals) = postSolution
		SolutionGuid = {3EBD510C-EF41-4ECA-BCE3-30FC876F2291}
	EndGlobalSection
EndGlobal
